// !$*UTF8*$!
{
	archiveVersion = 1;
	classes = {
	};
	objectVersion = 50;
	objects = {

/* Begin PBXBuildFile section */
		FA09818821FB16EC002B3099 /* AppDelegate.swift in Sources */ = {isa = PBXBuildFile; fileRef = FA09818721FB16EC002B3099 /* AppDelegate.swift */; };
		FA09818A21FB16EC002B3099 /* MovieListViewController.swift in Sources */ = {isa = PBXBuildFile; fileRef = FA09818921FB16EC002B3099 /* MovieListViewController.swift */; };
		FA09818F21FB16ED002B3099 /* Assets.xcassets in Resources */ = {isa = PBXBuildFile; fileRef = FA09818E21FB16ED002B3099 /* Assets.xcassets */; };
		FA09819221FB16ED002B3099 /* LaunchScreen.storyboard in Resources */ = {isa = PBXBuildFile; fileRef = FA09819021FB16ED002B3099 /* LaunchScreen.storyboard */; };
		FA09819D21FB16EE002B3099 /* TopMoviesTests.swift in Sources */ = {isa = PBXBuildFile; fileRef = FA09819C21FB16EE002B3099 /* TopMoviesTests.swift */; };
		FA0981AC21FB191C002B3099 /* Service.swift in Sources */ = {isa = PBXBuildFile; fileRef = FA0981AB21FB191C002B3099 /* Service.swift */; };
		FA0981B021FB1959002B3099 /* ServiceProtocol.swift in Sources */ = {isa = PBXBuildFile; fileRef = FA0981AF21FB1959002B3099 /* ServiceProtocol.swift */; };
		FA0981B221FB196E002B3099 /* DataSourceProtocol.swift in Sources */ = {isa = PBXBuildFile; fileRef = FA0981B121FB196E002B3099 /* DataSourceProtocol.swift */; };
		FA0981B421FB1981002B3099 /* MoviesDataSource.swift in Sources */ = {isa = PBXBuildFile; fileRef = FA0981B321FB1981002B3099 /* MoviesDataSource.swift */; };
		FA0981B921FB3AF8002B3099 /* AppConstants.swift in Sources */ = {isa = PBXBuildFile; fileRef = FA0981B821FB3AF8002B3099 /* AppConstants.swift */; };
		FA0981BB21FB482A002B3099 /* Movie.swift in Sources */ = {isa = PBXBuildFile; fileRef = FA0981BA21FB482A002B3099 /* Movie.swift */; };
		FA0981BE21FB4BC5002B3099 /* MoviesResponse.swift in Sources */ = {isa = PBXBuildFile; fileRef = FA0981BD21FB4BC5002B3099 /* MoviesResponse.swift */; };
		FA0981C221FB593A002B3099 /* AppRouter.swift in Sources */ = {isa = PBXBuildFile; fileRef = FA0981C121FB593A002B3099 /* AppRouter.swift */; };
		FA0981C421FB594F002B3099 /* AppContainer.swift in Sources */ = {isa = PBXBuildFile; fileRef = FA0981C321FB594F002B3099 /* AppContainer.swift */; };
		FA0981CE21FB5E29002B3099 /* MovieListContracts.swift in Sources */ = {isa = PBXBuildFile; fileRef = FA0981CD21FB5E29002B3099 /* MovieListContracts.swift */; };
		FA0981D021FB5E3D002B3099 /* MovieListViewModel.swift in Sources */ = {isa = PBXBuildFile; fileRef = FA0981CF21FB5E3D002B3099 /* MovieListViewModel.swift */; };
		FA0981D221FB66E3002B3099 /* UITableViewCellExtensions.swift in Sources */ = {isa = PBXBuildFile; fileRef = FA0981D121FB66E3002B3099 /* UITableViewCellExtensions.swift */; };
		FA0981D421FB66FA002B3099 /* UITableViewExtensions.swift in Sources */ = {isa = PBXBuildFile; fileRef = FA0981D321FB66FA002B3099 /* UITableViewExtensions.swift */; };
		FA0981D621FB69BB002B3099 /* MovieListBuilder.swift in Sources */ = {isa = PBXBuildFile; fileRef = FA0981D521FB69BB002B3099 /* MovieListBuilder.swift */; };
		FA0981D821FB6A01002B3099 /* MovieListViewController.xib in Resources */ = {isa = PBXBuildFile; fileRef = FA0981D721FB6A01002B3099 /* MovieListViewController.xib */; };
		FA0981DA21FB6AF6002B3099 /* MovieListTableViewCell.xib in Resources */ = {isa = PBXBuildFile; fileRef = FA0981D921FB6AF6002B3099 /* MovieListTableViewCell.xib */; };
		FA0981DC21FB6B04002B3099 /* MovieListTableViewCell.swift in Sources */ = {isa = PBXBuildFile; fileRef = FA0981DB21FB6B04002B3099 /* MovieListTableViewCell.swift */; };
		FA0981DE21FB6C95002B3099 /* UIImageViewExtensions.swift in Sources */ = {isa = PBXBuildFile; fileRef = FA0981DD21FB6C95002B3099 /* UIImageViewExtensions.swift */; };
		FA0981E021FBBCB3002B3099 /* MovieDetailViewController.swift in Sources */ = {isa = PBXBuildFile; fileRef = FA0981DF21FBBCB3002B3099 /* MovieDetailViewController.swift */; };
		FA0981E221FBBCDC002B3099 /* MovieDetailViewBuilder.swift in Sources */ = {isa = PBXBuildFile; fileRef = FA0981E121FBBCDC002B3099 /* MovieDetailViewBuilder.swift */; };
		FA0981E421FBBCF3002B3099 /* MovieDetailViewController.xib in Resources */ = {isa = PBXBuildFile; fileRef = FA0981E321FBBCF3002B3099 /* MovieDetailViewController.xib */; };
		FA0981E621FBBD5D002B3099 /* MovieDetailViewModelProtocol.swift in Sources */ = {isa = PBXBuildFile; fileRef = FA0981E521FBBD5D002B3099 /* MovieDetailViewModelProtocol.swift */; };
		FA0981E821FBBD6D002B3099 /* MovieDetailViewModel.swift in Sources */ = {isa = PBXBuildFile; fileRef = FA0981E721FBBD6D002B3099 /* MovieDetailViewModel.swift */; };
		FA0981EA21FBBFD0002B3099 /* MovieDetailTableViewCell.swift in Sources */ = {isa = PBXBuildFile; fileRef = FA0981E921FBBFD0002B3099 /* MovieDetailTableViewCell.swift */; };
		FA0981EC21FBBFE4002B3099 /* MovieDetailTableViewCell.xib in Resources */ = {isa = PBXBuildFile; fileRef = FA0981EB21FBBFE4002B3099 /* MovieDetailTableViewCell.xib */; };
		FA0981EE21FBD40E002B3099 /* MoviesRequest.swift in Sources */ = {isa = PBXBuildFile; fileRef = FA0981ED21FBD40E002B3099 /* MoviesRequest.swift */; };
/* End PBXBuildFile section */

/* Begin PBXContainerItemProxy section */
		FA09819921FB16EE002B3099 /* PBXContainerItemProxy */ = {
			isa = PBXContainerItemProxy;
			containerPortal = FA09817C21FB16EC002B3099 /* Project object */;
			proxyType = 1;
			remoteGlobalIDString = FA09818321FB16EC002B3099;
			remoteInfo = TopMovies;
		};
/* End PBXContainerItemProxy section */

/* Begin PBXFileReference section */
		FA09818421FB16EC002B3099 /* TopMovies.app */ = {isa = PBXFileReference; explicitFileType = wrapper.application; includeInIndex = 0; path = TopMovies.app; sourceTree = BUILT_PRODUCTS_DIR; };
		FA09818721FB16EC002B3099 /* AppDelegate.swift */ = {isa = PBXFileReference; lastKnownFileType = sourcecode.swift; path = AppDelegate.swift; sourceTree = "<group>"; };
		FA09818921FB16EC002B3099 /* MovieListViewController.swift */ = {isa = PBXFileReference; lastKnownFileType = sourcecode.swift; path = MovieListViewController.swift; sourceTree = "<group>"; };
		FA09818E21FB16ED002B3099 /* Assets.xcassets */ = {isa = PBXFileReference; lastKnownFileType = folder.assetcatalog; path = Assets.xcassets; sourceTree = "<group>"; };
		FA09819121FB16ED002B3099 /* Base */ = {isa = PBXFileReference; lastKnownFileType = file.storyboard; name = Base; path = Base.lproj/LaunchScreen.storyboard; sourceTree = "<group>"; };
		FA09819321FB16ED002B3099 /* Info.plist */ = {isa = PBXFileReference; lastKnownFileType = text.plist.xml; path = Info.plist; sourceTree = "<group>"; };
		FA09819821FB16EE002B3099 /* TopMoviesTests.xctest */ = {isa = PBXFileReference; explicitFileType = wrapper.cfbundle; includeInIndex = 0; path = TopMoviesTests.xctest; sourceTree = BUILT_PRODUCTS_DIR; };
		FA09819C21FB16EE002B3099 /* TopMoviesTests.swift */ = {isa = PBXFileReference; lastKnownFileType = sourcecode.swift; path = TopMoviesTests.swift; sourceTree = "<group>"; };
		FA09819E21FB16EE002B3099 /* Info.plist */ = {isa = PBXFileReference; lastKnownFileType = text.plist.xml; path = Info.plist; sourceTree = "<group>"; };
		FA0981AB21FB191C002B3099 /* Service.swift */ = {isa = PBXFileReference; lastKnownFileType = sourcecode.swift; path = Service.swift; sourceTree = "<group>"; };
		FA0981AF21FB1959002B3099 /* ServiceProtocol.swift */ = {isa = PBXFileReference; lastKnownFileType = sourcecode.swift; path = ServiceProtocol.swift; sourceTree = "<group>"; };
		FA0981B121FB196E002B3099 /* DataSourceProtocol.swift */ = {isa = PBXFileReference; lastKnownFileType = sourcecode.swift; path = DataSourceProtocol.swift; sourceTree = "<group>"; };
		FA0981B321FB1981002B3099 /* MoviesDataSource.swift */ = {isa = PBXFileReference; lastKnownFileType = sourcecode.swift; path = MoviesDataSource.swift; sourceTree = "<group>"; };
		FA0981B821FB3AF8002B3099 /* AppConstants.swift */ = {isa = PBXFileReference; lastKnownFileType = sourcecode.swift; path = AppConstants.swift; sourceTree = "<group>"; };
		FA0981BA21FB482A002B3099 /* Movie.swift */ = {isa = PBXFileReference; lastKnownFileType = sourcecode.swift; path = Movie.swift; sourceTree = "<group>"; };
		FA0981BD21FB4BC5002B3099 /* MoviesResponse.swift */ = {isa = PBXFileReference; lastKnownFileType = sourcecode.swift; path = MoviesResponse.swift; sourceTree = "<group>"; };
		FA0981C121FB593A002B3099 /* AppRouter.swift */ = {isa = PBXFileReference; lastKnownFileType = sourcecode.swift; path = AppRouter.swift; sourceTree = "<group>"; };
		FA0981C321FB594F002B3099 /* AppContainer.swift */ = {isa = PBXFileReference; lastKnownFileType = sourcecode.swift; path = AppContainer.swift; sourceTree = "<group>"; };
		FA0981CD21FB5E29002B3099 /* MovieListContracts.swift */ = {isa = PBXFileReference; lastKnownFileType = sourcecode.swift; path = MovieListContracts.swift; sourceTree = "<group>"; };
		FA0981CF21FB5E3D002B3099 /* MovieListViewModel.swift */ = {isa = PBXFileReference; lastKnownFileType = sourcecode.swift; path = MovieListViewModel.swift; sourceTree = "<group>"; };
		FA0981D121FB66E3002B3099 /* UITableViewCellExtensions.swift */ = {isa = PBXFileReference; lastKnownFileType = sourcecode.swift; path = UITableViewCellExtensions.swift; sourceTree = "<group>"; };
		FA0981D321FB66FA002B3099 /* UITableViewExtensions.swift */ = {isa = PBXFileReference; lastKnownFileType = sourcecode.swift; path = UITableViewExtensions.swift; sourceTree = "<group>"; };
		FA0981D521FB69BB002B3099 /* MovieListBuilder.swift */ = {isa = PBXFileReference; lastKnownFileType = sourcecode.swift; path = MovieListBuilder.swift; sourceTree = "<group>"; };
		FA0981D721FB6A01002B3099 /* MovieListViewController.xib */ = {isa = PBXFileReference; lastKnownFileType = file.xib; path = MovieListViewController.xib; sourceTree = "<group>"; };
		FA0981D921FB6AF6002B3099 /* MovieListTableViewCell.xib */ = {isa = PBXFileReference; lastKnownFileType = file.xib; path = MovieListTableViewCell.xib; sourceTree = "<group>"; };
		FA0981DB21FB6B04002B3099 /* MovieListTableViewCell.swift */ = {isa = PBXFileReference; lastKnownFileType = sourcecode.swift; path = MovieListTableViewCell.swift; sourceTree = "<group>"; };
		FA0981DD21FB6C95002B3099 /* UIImageViewExtensions.swift */ = {isa = PBXFileReference; lastKnownFileType = sourcecode.swift; path = UIImageViewExtensions.swift; sourceTree = "<group>"; };
		FA0981DF21FBBCB3002B3099 /* MovieDetailViewController.swift */ = {isa = PBXFileReference; lastKnownFileType = sourcecode.swift; path = MovieDetailViewController.swift; sourceTree = "<group>"; };
		FA0981E121FBBCDC002B3099 /* MovieDetailViewBuilder.swift */ = {isa = PBXFileReference; lastKnownFileType = sourcecode.swift; path = MovieDetailViewBuilder.swift; sourceTree = "<group>"; };
		FA0981E321FBBCF3002B3099 /* MovieDetailViewController.xib */ = {isa = PBXFileReference; lastKnownFileType = file.xib; path = MovieDetailViewController.xib; sourceTree = "<group>"; };
		FA0981E521FBBD5D002B3099 /* MovieDetailViewModelProtocol.swift */ = {isa = PBXFileReference; lastKnownFileType = sourcecode.swift; path = MovieDetailViewModelProtocol.swift; sourceTree = "<group>"; };
		FA0981E721FBBD6D002B3099 /* MovieDetailViewModel.swift */ = {isa = PBXFileReference; lastKnownFileType = sourcecode.swift; path = MovieDetailViewModel.swift; sourceTree = "<group>"; };
		FA0981E921FBBFD0002B3099 /* MovieDetailTableViewCell.swift */ = {isa = PBXFileReference; lastKnownFileType = sourcecode.swift; path = MovieDetailTableViewCell.swift; sourceTree = "<group>"; };
		FA0981EB21FBBFE4002B3099 /* MovieDetailTableViewCell.xib */ = {isa = PBXFileReference; lastKnownFileType = file.xib; path = MovieDetailTableViewCell.xib; sourceTree = "<group>"; };
		FA0981ED21FBD40E002B3099 /* MoviesRequest.swift */ = {isa = PBXFileReference; lastKnownFileType = sourcecode.swift; path = MoviesRequest.swift; sourceTree = "<group>"; };
/* End PBXFileReference section */

/* Begin PBXFrameworksBuildPhase section */
		FA09818121FB16EC002B3099 /* Frameworks */ = {
			isa = PBXFrameworksBuildPhase;
			buildActionMask = 2147483647;
			files = (
			);
			runOnlyForDeploymentPostprocessing = 0;
		};
		FA09819521FB16EE002B3099 /* Frameworks */ = {
			isa = PBXFrameworksBuildPhase;
			buildActionMask = 2147483647;
			files = (
			);
			runOnlyForDeploymentPostprocessing = 0;
		};
/* End PBXFrameworksBuildPhase section */

/* Begin PBXGroup section */
		FA09817B21FB16EC002B3099 = {
			isa = PBXGroup;
			children = (
				FA09818621FB16EC002B3099 /* TopMovies */,
				FA09819B21FB16EE002B3099 /* TopMoviesTests */,
				FA09818521FB16EC002B3099 /* Products */,
			);
			sourceTree = "<group>";
		};
		FA09818521FB16EC002B3099 /* Products */ = {
			isa = PBXGroup;
			children = (
				FA09818421FB16EC002B3099 /* TopMovies.app */,
				FA09819821FB16EE002B3099 /* TopMoviesTests.xctest */,
			);
			name = Products;
			sourceTree = "<group>";
		};
		FA09818621FB16EC002B3099 /* TopMovies */ = {
			isa = PBXGroup;
			children = (
				FA0981B521FB3AD2002B3099 /* Commons */,
				FA0981AA21FB1902002B3099 /* API */,
				FA0981A921FB18D6002B3099 /* Resources */,
				FA0981A821FB1895002B3099 /* Scenes */,
				FA0981A721FB1881002B3099 /* App */,
				FA09819021FB16ED002B3099 /* LaunchScreen.storyboard */,
				FA09819321FB16ED002B3099 /* Info.plist */,
			);
			path = TopMovies;
			sourceTree = "<group>";
		};
		FA09819B21FB16EE002B3099 /* TopMoviesTests */ = {
			isa = PBXGroup;
			children = (
				FA09819C21FB16EE002B3099 /* TopMoviesTests.swift */,
				FA09819E21FB16EE002B3099 /* Info.plist */,
			);
			path = TopMoviesTests;
			sourceTree = "<group>";
		};
		FA0981A721FB1881002B3099 /* App */ = {
			isa = PBXGroup;
			children = (
				FA09818721FB16EC002B3099 /* AppDelegate.swift */,
				FA0981C121FB593A002B3099 /* AppRouter.swift */,
				FA0981C321FB594F002B3099 /* AppContainer.swift */,
			);
			path = App;
			sourceTree = "<group>";
		};
		FA0981A821FB1895002B3099 /* Scenes */ = {
			isa = PBXGroup;
			children = (
				FA0981C521FB59FE002B3099 /* MovieList */,
				FA0981C621FB5A07002B3099 /* MovieDetail */,
			);
			path = Scenes;
			sourceTree = "<group>";
		};
		FA0981A921FB18D6002B3099 /* Resources */ = {
			isa = PBXGroup;
			children = (
				FA09818E21FB16ED002B3099 /* Assets.xcassets */,
			);
			path = Resources;
			sourceTree = "<group>";
		};
		FA0981AA21FB1902002B3099 /* API */ = {
			isa = PBXGroup;
			children = (
				FA0981AE21FB1931002B3099 /* Model */,
				FA0981AD21FB192A002B3099 /* Network */,
			);
			path = API;
			sourceTree = "<group>";
		};
		FA0981AD21FB192A002B3099 /* Network */ = {
			isa = PBXGroup;
			children = (
				FA0981BC21FB4BAD002B3099 /* Model */,
				FA0981AB21FB191C002B3099 /* Service.swift */,
				FA0981AF21FB1959002B3099 /* ServiceProtocol.swift */,
				FA0981B121FB196E002B3099 /* DataSourceProtocol.swift */,
				FA0981B321FB1981002B3099 /* MoviesDataSource.swift */,
			);
			path = Network;
			sourceTree = "<group>";
		};
		FA0981AE21FB1931002B3099 /* Model */ = {
			isa = PBXGroup;
			children = (
				FA0981BA21FB482A002B3099 /* Movie.swift */,
			);
			path = Model;
			sourceTree = "<group>";
		};
		FA0981B521FB3AD2002B3099 /* Commons */ = {
			isa = PBXGroup;
			children = (
				FA0981B721FB3ADF002B3099 /* Constants */,
				FA0981B621FB3AD8002B3099 /* Extensions */,
			);
			path = Commons;
			sourceTree = "<group>";
		};
		FA0981B621FB3AD8002B3099 /* Extensions */ = {
			isa = PBXGroup;
			children = (
				FA0981D121FB66E3002B3099 /* UITableViewCellExtensions.swift */,
				FA0981D321FB66FA002B3099 /* UITableViewExtensions.swift */,
				FA0981DD21FB6C95002B3099 /* UIImageViewExtensions.swift */,
			);
			path = Extensions;
			sourceTree = "<group>";
		};
		FA0981B721FB3ADF002B3099 /* Constants */ = {
			isa = PBXGroup;
			children = (
				FA0981B821FB3AF8002B3099 /* AppConstants.swift */,
			);
			path = Constants;
			sourceTree = "<group>";
		};
		FA0981BC21FB4BAD002B3099 /* Model */ = {
			isa = PBXGroup;
			children = (
				FA0981BD21FB4BC5002B3099 /* MoviesResponse.swift */,
				FA0981ED21FBD40E002B3099 /* MoviesRequest.swift */,
			);
			path = Model;
			sourceTree = "<group>";
		};
		FA0981C521FB59FE002B3099 /* MovieList */ = {
			isa = PBXGroup;
			children = (
				FA0981C721FB5A25002B3099 /* View */,
				FA0981C921FB5A37002B3099 /* ViewModel */,
			);
			path = MovieList;
			sourceTree = "<group>";
		};
		FA0981C621FB5A07002B3099 /* MovieDetail */ = {
			isa = PBXGroup;
			children = (
				FA0981CA21FB5A4F002B3099 /* View */,
				FA0981CB21FB5A5F002B3099 /* ViewModel */,
			);
			path = MovieDetail;
			sourceTree = "<group>";
		};
		FA0981C721FB5A25002B3099 /* View */ = {
			isa = PBXGroup;
			children = (
				FA09818921FB16EC002B3099 /* MovieListViewController.swift */,
				FA0981D721FB6A01002B3099 /* MovieListViewController.xib */,
				FA0981D521FB69BB002B3099 /* MovieListBuilder.swift */,
				FA0981C821FB5A2B002B3099 /* Cell */,
			);
			path = View;
			sourceTree = "<group>";
		};
		FA0981C821FB5A2B002B3099 /* Cell */ = {
			isa = PBXGroup;
			children = (
				FA0981DB21FB6B04002B3099 /* MovieListTableViewCell.swift */,
				FA0981D921FB6AF6002B3099 /* MovieListTableViewCell.xib */,
			);
			path = Cell;
			sourceTree = "<group>";
		};
		FA0981C921FB5A37002B3099 /* ViewModel */ = {
			isa = PBXGroup;
			children = (
				FA0981CD21FB5E29002B3099 /* MovieListContracts.swift */,
				FA0981CF21FB5E3D002B3099 /* MovieListViewModel.swift */,
			);
			path = ViewModel;
			sourceTree = "<group>";
		};
		FA0981CA21FB5A4F002B3099 /* View */ = {
			isa = PBXGroup;
			children = (
				FA0981DF21FBBCB3002B3099 /* MovieDetailViewController.swift */,
				FA0981E321FBBCF3002B3099 /* MovieDetailViewController.xib */,
				FA0981E121FBBCDC002B3099 /* MovieDetailViewBuilder.swift */,
				FA0981CC21FB5A76002B3099 /* Cell */,
			);
			path = View;
			sourceTree = "<group>";
		};
		FA0981CB21FB5A5F002B3099 /* ViewModel */ = {
			isa = PBXGroup;
			children = (
				FA0981E721FBBD6D002B3099 /* MovieDetailViewModel.swift */,
				FA0981E521FBBD5D002B3099 /* MovieDetailViewModelProtocol.swift */,
			);
			path = ViewModel;
			sourceTree = "<group>";
		};
		FA0981CC21FB5A76002B3099 /* Cell */ = {
			isa = PBXGroup;
			children = (
				FA0981E921FBBFD0002B3099 /* MovieDetailTableViewCell.swift */,
				FA0981EB21FBBFE4002B3099 /* MovieDetailTableViewCell.xib */,
			);
			path = Cell;
			sourceTree = "<group>";
		};
/* End PBXGroup section */

/* Begin PBXNativeTarget section */
		FA09818321FB16EC002B3099 /* TopMovies */ = {
			isa = PBXNativeTarget;
			buildConfigurationList = FA0981A121FB16EE002B3099 /* Build configuration list for PBXNativeTarget "TopMovies" */;
			buildPhases = (
				FA09818021FB16EC002B3099 /* Sources */,
				FA09818121FB16EC002B3099 /* Frameworks */,
				FA09818221FB16EC002B3099 /* Resources */,
			);
			buildRules = (
			);
			dependencies = (
			);
			name = TopMovies;
			productName = TopMovies;
			productReference = FA09818421FB16EC002B3099 /* TopMovies.app */;
			productType = "com.apple.product-type.application";
		};
		FA09819721FB16EE002B3099 /* TopMoviesTests */ = {
			isa = PBXNativeTarget;
			buildConfigurationList = FA0981A421FB16EE002B3099 /* Build configuration list for PBXNativeTarget "TopMoviesTests" */;
			buildPhases = (
				FA09819421FB16EE002B3099 /* Sources */,
				FA09819521FB16EE002B3099 /* Frameworks */,
				FA09819621FB16EE002B3099 /* Resources */,
			);
			buildRules = (
			);
			dependencies = (
				FA09819A21FB16EE002B3099 /* PBXTargetDependency */,
			);
			name = TopMoviesTests;
			productName = TopMoviesTests;
			productReference = FA09819821FB16EE002B3099 /* TopMoviesTests.xctest */;
			productType = "com.apple.product-type.bundle.unit-test";
		};
/* End PBXNativeTarget section */

/* Begin PBXProject section */
		FA09817C21FB16EC002B3099 /* Project object */ = {
			isa = PBXProject;
			attributes = {
				LastSwiftUpdateCheck = 1010;
				LastUpgradeCheck = 1010;
				ORGANIZATIONNAME = gamzerd;
				TargetAttributes = {
					FA09818321FB16EC002B3099 = {
						CreatedOnToolsVersion = 10.1;
					};
					FA09819721FB16EE002B3099 = {
						CreatedOnToolsVersion = 10.1;
						TestTargetID = FA09818321FB16EC002B3099;
					};
				};
			};
			buildConfigurationList = FA09817F21FB16EC002B3099 /* Build configuration list for PBXProject "TopMovies" */;
			compatibilityVersion = "Xcode 9.3";
			developmentRegion = en;
			hasScannedForEncodings = 0;
			knownRegions = (
				en,
				Base,
			);
			mainGroup = FA09817B21FB16EC002B3099;
			productRefGroup = FA09818521FB16EC002B3099 /* Products */;
			projectDirPath = "";
			projectRoot = "";
			targets = (
				FA09818321FB16EC002B3099 /* TopMovies */,
				FA09819721FB16EE002B3099 /* TopMoviesTests */,
			);
		};
/* End PBXProject section */

/* Begin PBXResourcesBuildPhase section */
		FA09818221FB16EC002B3099 /* Resources */ = {
			isa = PBXResourcesBuildPhase;
			buildActionMask = 2147483647;
			files = (
				FA0981E421FBBCF3002B3099 /* MovieDetailViewController.xib in Resources */,
				FA0981D821FB6A01002B3099 /* MovieListViewController.xib in Resources */,
				FA09819221FB16ED002B3099 /* LaunchScreen.storyboard in Resources */,
				FA0981EC21FBBFE4002B3099 /* MovieDetailTableViewCell.xib in Resources */,
				FA0981DA21FB6AF6002B3099 /* MovieListTableViewCell.xib in Resources */,
				FA09818F21FB16ED002B3099 /* Assets.xcassets in Resources */,
			);
			runOnlyForDeploymentPostprocessing = 0;
		};
		FA09819621FB16EE002B3099 /* Resources */ = {
			isa = PBXResourcesBuildPhase;
			buildActionMask = 2147483647;
			files = (
			);
			runOnlyForDeploymentPostprocessing = 0;
		};
/* End PBXResourcesBuildPhase section */

/* Begin PBXSourcesBuildPhase section */
		FA09818021FB16EC002B3099 /* Sources */ = {
			isa = PBXSourcesBuildPhase;
			buildActionMask = 2147483647;
			files = (
				FA0981D421FB66FA002B3099 /* UITableViewExtensions.swift in Sources */,
				FA0981CE21FB5E29002B3099 /* MovieListContracts.swift in Sources */,
				FA0981EE21FBD40E002B3099 /* MoviesRequest.swift in Sources */,
				FA09818A21FB16EC002B3099 /* MovieListViewController.swift in Sources */,
				FA0981B421FB1981002B3099 /* MoviesDataSource.swift in Sources */,
				FA0981DE21FB6C95002B3099 /* UIImageViewExtensions.swift in Sources */,
				FA0981D621FB69BB002B3099 /* MovieListBuilder.swift in Sources */,
				FA0981E821FBBD6D002B3099 /* MovieDetailViewModel.swift in Sources */,
				FA0981D221FB66E3002B3099 /* UITableViewCellExtensions.swift in Sources */,
				FA0981BE21FB4BC5002B3099 /* MoviesResponse.swift in Sources */,
				FA0981DC21FB6B04002B3099 /* MovieListTableViewCell.swift in Sources */,
				FA09818821FB16EC002B3099 /* AppDelegate.swift in Sources */,
				FA0981E621FBBD5D002B3099 /* MovieDetailViewModelProtocol.swift in Sources */,
				FA0981D021FB5E3D002B3099 /* MovieListViewModel.swift in Sources */,
				FA0981B221FB196E002B3099 /* DataSourceProtocol.swift in Sources */,
				FA0981E221FBBCDC002B3099 /* MovieDetailViewBuilder.swift in Sources */,
				FA0981B921FB3AF8002B3099 /* AppConstants.swift in Sources */,
				FA0981E021FBBCB3002B3099 /* MovieDetailViewController.swift in Sources */,
				FA0981C421FB594F002B3099 /* AppContainer.swift in Sources */,
				FA0981AC21FB191C002B3099 /* Service.swift in Sources */,
				FA0981BB21FB482A002B3099 /* Movie.swift in Sources */,
				FA0981C221FB593A002B3099 /* AppRouter.swift in Sources */,
				FA0981EA21FBBFD0002B3099 /* MovieDetailTableViewCell.swift in Sources */,
				FA0981B021FB1959002B3099 /* ServiceProtocol.swift in Sources */,
			);
			runOnlyForDeploymentPostprocessing = 0;
		};
		FA09819421FB16EE002B3099 /* Sources */ = {
			isa = PBXSourcesBuildPhase;
			buildActionMask = 2147483647;
			files = (
				FA09819D21FB16EE002B3099 /* TopMoviesTests.swift in Sources */,
			);
			runOnlyForDeploymentPostprocessing = 0;
		};
/* End PBXSourcesBuildPhase section */

/* Begin PBXTargetDependency section */
		FA09819A21FB16EE002B3099 /* PBXTargetDependency */ = {
			isa = PBXTargetDependency;
			target = FA09818321FB16EC002B3099 /* TopMovies */;
			targetProxy = FA09819921FB16EE002B3099 /* PBXContainerItemProxy */;
		};
/* End PBXTargetDependency section */

/* Begin PBXVariantGroup section */
		FA09819021FB16ED002B3099 /* LaunchScreen.storyboard */ = {
			isa = PBXVariantGroup;
			children = (
				FA09819121FB16ED002B3099 /* Base */,
			);
			name = LaunchScreen.storyboard;
			sourceTree = "<group>";
		};
/* End PBXVariantGroup section */

/* Begin XCBuildConfiguration section */
		FA09819F21FB16EE002B3099 /* Debug */ = {
			isa = XCBuildConfiguration;
			buildSettings = {
				ALWAYS_SEARCH_USER_PATHS = NO;
				CLANG_ANALYZER_NONNULL = YES;
				CLANG_ANALYZER_NUMBER_OBJECT_CONVERSION = YES_AGGRESSIVE;
				CLANG_CXX_LANGUAGE_STANDARD = "gnu++14";
				CLANG_CXX_LIBRARY = "libc++";
				CLANG_ENABLE_MODULES = YES;
				CLANG_ENABLE_OBJC_ARC = YES;
				CLANG_ENABLE_OBJC_WEAK = YES;
				CLANG_WARN_BLOCK_CAPTURE_AUTORELEASING = YES;
				CLANG_WARN_BOOL_CONVERSION = YES;
				CLANG_WARN_COMMA = YES;
				CLANG_WARN_CONSTANT_CONVERSION = YES;
				CLANG_WARN_DEPRECATED_OBJC_IMPLEMENTATIONS = YES;
				CLANG_WARN_DIRECT_OBJC_ISA_USAGE = YES_ERROR;
				CLANG_WARN_DOCUMENTATION_COMMENTS = YES;
				CLANG_WARN_EMPTY_BODY = YES;
				CLANG_WARN_ENUM_CONVERSION = YES;
				CLANG_WARN_INFINITE_RECURSION = YES;
				CLANG_WARN_INT_CONVERSION = YES;
				CLANG_WARN_NON_LITERAL_NULL_CONVERSION = YES;
				CLANG_WARN_OBJC_IMPLICIT_RETAIN_SELF = YES;
				CLANG_WARN_OBJC_LITERAL_CONVERSION = YES;
				CLANG_WARN_OBJC_ROOT_CLASS = YES_ERROR;
				CLANG_WARN_RANGE_LOOP_ANALYSIS = YES;
				CLANG_WARN_STRICT_PROTOTYPES = YES;
				CLANG_WARN_SUSPICIOUS_MOVE = YES;
				CLANG_WARN_UNGUARDED_AVAILABILITY = YES_AGGRESSIVE;
				CLANG_WARN_UNREACHABLE_CODE = YES;
				CLANG_WARN__DUPLICATE_METHOD_MATCH = YES;
				CODE_SIGN_IDENTITY = "iPhone Developer";
				COPY_PHASE_STRIP = NO;
				DEBUG_INFORMATION_FORMAT = dwarf;
				ENABLE_STRICT_OBJC_MSGSEND = YES;
				ENABLE_TESTABILITY = YES;
				GCC_C_LANGUAGE_STANDARD = gnu11;
				GCC_DYNAMIC_NO_PIC = NO;
				GCC_NO_COMMON_BLOCKS = YES;
				GCC_OPTIMIZATION_LEVEL = 0;
				GCC_PREPROCESSOR_DEFINITIONS = (
					"DEBUG=1",
					"$(inherited)",
				);
				GCC_WARN_64_TO_32_BIT_CONVERSION = YES;
				GCC_WARN_ABOUT_RETURN_TYPE = YES_ERROR;
				GCC_WARN_UNDECLARED_SELECTOR = YES;
				GCC_WARN_UNINITIALIZED_AUTOS = YES_AGGRESSIVE;
				GCC_WARN_UNUSED_FUNCTION = YES;
				GCC_WARN_UNUSED_VARIABLE = YES;
				IPHONEOS_DEPLOYMENT_TARGET = 12.1;
				MTL_ENABLE_DEBUG_INFO = INCLUDE_SOURCE;
				MTL_FAST_MATH = YES;
				ONLY_ACTIVE_ARCH = YES;
				SDKROOT = iphoneos;
				SWIFT_ACTIVE_COMPILATION_CONDITIONS = DEBUG;
				SWIFT_OPTIMIZATION_LEVEL = "-Onone";
			};
			name = Debug;
		};
		FA0981A021FB16EE002B3099 /* Release */ = {
			isa = XCBuildConfiguration;
			buildSettings = {
				ALWAYS_SEARCH_USER_PATHS = NO;
				CLANG_ANALYZER_NONNULL = YES;
				CLANG_ANALYZER_NUMBER_OBJECT_CONVERSION = YES_AGGRESSIVE;
				CLANG_CXX_LANGUAGE_STANDARD = "gnu++14";
				CLANG_CXX_LIBRARY = "libc++";
				CLANG_ENABLE_MODULES = YES;
				CLANG_ENABLE_OBJC_ARC = YES;
				CLANG_ENABLE_OBJC_WEAK = YES;
				CLANG_WARN_BLOCK_CAPTURE_AUTORELEASING = YES;
				CLANG_WARN_BOOL_CONVERSION = YES;
				CLANG_WARN_COMMA = YES;
				CLANG_WARN_CONSTANT_CONVERSION = YES;
				CLANG_WARN_DEPRECATED_OBJC_IMPLEMENTATIONS = YES;
				CLANG_WARN_DIRECT_OBJC_ISA_USAGE = YES_ERROR;
				CLANG_WARN_DOCUMENTATION_COMMENTS = YES;
				CLANG_WARN_EMPTY_BODY = YES;
				CLANG_WARN_ENUM_CONVERSION = YES;
				CLANG_WARN_INFINITE_RECURSION = YES;
				CLANG_WARN_INT_CONVERSION = YES;
				CLANG_WARN_NON_LITERAL_NULL_CONVERSION = YES;
				CLANG_WARN_OBJC_IMPLICIT_RETAIN_SELF = YES;
				CLANG_WARN_OBJC_LITERAL_CONVERSION = YES;
				CLANG_WARN_OBJC_ROOT_CLASS = YES_ERROR;
				CLANG_WARN_RANGE_LOOP_ANALYSIS = YES;
				CLANG_WARN_STRICT_PROTOTYPES = YES;
				CLANG_WARN_SUSPICIOUS_MOVE = YES;
				CLANG_WARN_UNGUARDED_AVAILABILITY = YES_AGGRESSIVE;
				CLANG_WARN_UNREACHABLE_CODE = YES;
				CLANG_WARN__DUPLICATE_METHOD_MATCH = YES;
				CODE_SIGN_IDENTITY = "iPhone Developer";
				COPY_PHASE_STRIP = NO;
				DEBUG_INFORMATION_FORMAT = "dwarf-with-dsym";
				ENABLE_NS_ASSERTIONS = NO;
				ENABLE_STRICT_OBJC_MSGSEND = YES;
				GCC_C_LANGUAGE_STANDARD = gnu11;
				GCC_NO_COMMON_BLOCKS = YES;
				GCC_WARN_64_TO_32_BIT_CONVERSION = YES;
				GCC_WARN_ABOUT_RETURN_TYPE = YES_ERROR;
				GCC_WARN_UNDECLARED_SELECTOR = YES;
				GCC_WARN_UNINITIALIZED_AUTOS = YES_AGGRESSIVE;
				GCC_WARN_UNUSED_FUNCTION = YES;
				GCC_WARN_UNUSED_VARIABLE = YES;
				IPHONEOS_DEPLOYMENT_TARGET = 12.1;
				MTL_ENABLE_DEBUG_INFO = NO;
				MTL_FAST_MATH = YES;
				SDKROOT = iphoneos;
				SWIFT_COMPILATION_MODE = wholemodule;
				SWIFT_OPTIMIZATION_LEVEL = "-O";
				VALIDATE_PRODUCT = YES;
			};
			name = Release;
		};
		FA0981A221FB16EE002B3099 /* Debug */ = {
			isa = XCBuildConfiguration;
			buildSettings = {
				ASSETCATALOG_COMPILER_APPICON_NAME = AppIcon;
				CODE_SIGN_STYLE = Automatic;
				INFOPLIST_FILE = TopMovies/Info.plist;
				LD_RUNPATH_SEARCH_PATHS = (
					"$(inherited)",
					"@executable_path/Frameworks",
				);
				PRODUCT_BUNDLE_IDENTIFIER = com.gamzerd.TopMovies;
				PRODUCT_NAME = "$(TARGET_NAME)";
				SWIFT_VERSION = 4.2;
				TARGETED_DEVICE_FAMILY = "1,2";
			};
			name = Debug;
		};
		FA0981A321FB16EE002B3099 /* Release */ = {
			isa = XCBuildConfiguration;
			buildSettings = {
				ASSETCATALOG_COMPILER_APPICON_NAME = AppIcon;
				CODE_SIGN_STYLE = Automatic;
				INFOPLIST_FILE = TopMovies/Info.plist;
				LD_RUNPATH_SEARCH_PATHS = (
					"$(inherited)",
					"@executable_path/Frameworks",
				);
				PRODUCT_BUNDLE_IDENTIFIER = com.gamzerd.TopMovies;
				PRODUCT_NAME = "$(TARGET_NAME)";
				SWIFT_VERSION = 4.2;
				TARGETED_DEVICE_FAMILY = "1,2";
			};
			name = Release;
		};
		FA0981A521FB16EE002B3099 /* Debug */ = {
			isa = XCBuildConfiguration;
			buildSettings = {
				ALWAYS_EMBED_SWIFT_STANDARD_LIBRARIES = YES;
				BUNDLE_LOADER = "$(TEST_HOST)";
				CODE_SIGN_STYLE = Automatic;
				INFOPLIST_FILE = TopMoviesTests/Info.plist;
				LD_RUNPATH_SEARCH_PATHS = (
					"$(inherited)",
					"@executable_path/Frameworks",
					"@loader_path/Frameworks",
				);
				PRODUCT_BUNDLE_IDENTIFIER = com.gamzerd.TopMoviesTests;
				PRODUCT_NAME = "$(TARGET_NAME)";
				SWIFT_VERSION = 4.2;
				TARGETED_DEVICE_FAMILY = "1,2";
				TEST_HOST = "$(BUILT_PRODUCTS_DIR)/TopMovies.app/TopMovies";
			};
			name = Debug;
		};
		FA0981A621FB16EE002B3099 /* Release */ = {
			isa = XCBuildConfiguration;
			buildSettings = {
				ALWAYS_EMBED_SWIFT_STANDARD_LIBRARIES = YES;
				BUNDLE_LOADER = "$(TEST_HOST)";
				CODE_SIGN_STYLE = Automatic;
				INFOPLIST_FILE = TopMoviesTests/Info.plist;
				LD_RUNPATH_SEARCH_PATHS = (
					"$(inherited)",
					"@executable_path/Frameworks",
					"@loader_path/Frameworks",
				);
				PRODUCT_BUNDLE_IDENTIFIER = com.gamzerd.TopMoviesTests;
				PRODUCT_NAME = "$(TARGET_NAME)";
				SWIFT_VERSION = 4.2;
				TARGETED_DEVICE_FAMILY = "1,2";
				TEST_HOST = "$(BUILT_PRODUCTS_DIR)/TopMovies.app/TopMovies";
			};
			name = Release;
		};
/* End XCBuildConfiguration section */

/* Begin XCConfigurationList section */
		FA09817F21FB16EC002B3099 /* Build configuration list for PBXProject "TopMovies" */ = {
			isa = XCConfigurationList;
			buildConfigurations = (
				FA09819F21FB16EE002B3099 /* Debug */,
				FA0981A021FB16EE002B3099 /* Release */,
			);
			defaultConfigurationIsVisible = 0;
			defaultConfigurationName = Release;
		};
		FA0981A121FB16EE002B3099 /* Build configuration list for PBXNativeTarget "TopMovies" */ = {
			isa = XCConfigurationList;
			buildConfigurations = (
				FA0981A221FB16EE002B3099 /* Debug */,
				FA0981A321FB16EE002B3099 /* Release */,
			);
			defaultConfigurationIsVisible = 0;
			defaultConfigurationName = Release;
		};
		FA0981A421FB16EE002B3099 /* Build configuration list for PBXNativeTarget "TopMoviesTests" */ = {
			isa = XCConfigurationList;
			buildConfigurations = (
				FA0981A521FB16EE002B3099 /* Debug */,
				FA0981A621FB16EE002B3099 /* Release */,
			);
			defaultConfigurationIsVisible = 0;
			defaultConfigurationName = Release;
		};
/* End XCConfigurationList section */
	};
	rootObject = FA09817C21FB16EC002B3099 /* Project object */;
}
